[[package]]
name = "asgiref"
version = "3.5.2"
description = "ASGI specs, helper code, and adapters"
category = "main"
optional = false
python-versions = ">=3.7"

[package.extras]
tests = ["mypy (>=0.800)", "pytest", "pytest-asyncio"]

[[package]]
name = "Django"
version = "4.1.1"
description = "A high-level Python web framework that encourages rapid development and clean, pragmatic design."
category = "main"
optional = false
python-versions = ">=3.8"

[package.dependencies]
asgiref = ">=3.5.2,<4"
sqlparse = ">=0.2.2"
tzdata = {version = "*", markers = "sys_platform == \"win32\""}

[package.extras]
argon2 = ["argon2-cffi (>=19.1.0)"]
bcrypt = ["bcrypt"]

[[package]]
name = "django-rest-framework"
version = "0.1.0"
description = "alias."
category = "main"
optional = false
python-versions = "*"

[package.dependencies]
djangorestframework = "*"

[[package]]
name = "djangorestframework"
version = "3.14.0"
description = "Web APIs for Django, made easy."
category = "main"
optional = false
python-versions = ">=3.6"

[package.dependencies]
django = ">=3.0"
pytz = "*"

[[package]]
name = "pytz"
version = "2022.2.1"
description = "World timezone definitions, modern and historical"
category = "main"
optional = false
python-versions = "*"

[[package]]
name = "sqlparse"
version = "0.4.3"
description = "A non-validating SQL parser."
category = "main"
optional = false
python-versions = ">=3.5"

[[package]]
name = "tzdata"
version = "2022.4"
description = "Provider of IANA time zone data"
category = "main"
optional = false
python-versions = ">=2"

[[package]]
name = "uql"
version = "0.1.1"
description = "Application layer for building Django apps with a breeze"
category = "main"
optional = false
python-versions = "^3.10"
develop = false

[package.dependencies]
Django = "^4.1"
django-rest-framework = "^0.1.0"

[package.source]
type = "git"
url = "https://github.com/rubbieKelvin/UntitledQL.git"
reference = "HEAD"
resolved_reference = "6fc1b6563829c9e173023d6b8b90864576381405"

[metadata]
lock-version = "1.1"
python-versions = "^3.10"
content-hash = "1b97eaf1e71d11ebed7e3151fe71e0015c4d766386e6a6f942ec094953e69958"

[metadata.files]
asgiref = [
    {file = "asgiref-3.5.2-py3-none-any.whl", hash = "sha256:1d2880b792ae8757289136f1db2b7b99100ce959b2aa57fd69dab783d05afac4"},
    {file = "asgiref-3.5.2.tar.gz", hash = "sha256:4a29362a6acebe09bf1d6640db38c1dc3d9217c68e6f9f6204d72667fc19a424"},
]
Django = [
    {file = "Django-4.1.1-py3-none-any.whl", hash = "sha256:acb21fac9275f9972d81c7caf5761a89ec3ea25fe74545dd26b8a48cb3a0203e"},
    {file = "Django-4.1.1.tar.gz", hash = "sha256:a153ffd5143bf26a877bfae2f4ec736ebd8924a46600ca089ad96b54a1d4e28e"},
]
django-rest-framework = [
    {file = "django-rest-framework-0.1.0.tar.gz", hash = "sha256:47a8f496fa69e3b6bd79f68dd7a1527d907d6b77f009e9db7cf9bb21cc565e4a"},
]
djangorestframework = [
    {file = "djangorestframework-3.14.0-py3-none-any.whl", hash = "sha256:eb63f58c9f218e1a7d064d17a70751f528ed4e1d35547fdade9aaf4cd103fd08"},
    {file = "djangorestframework-3.14.0.tar.gz", hash = "sha256:579a333e6256b09489cbe0a067e66abe55c6595d8926be6b99423786334350c8"},
]
pytz = [
    {file = "pytz-2022.2.1-py2.py3-none-any.whl", hash = "sha256:220f481bdafa09c3955dfbdddb7b57780e9a94f5127e35456a48589b9e0c0197"},
    {file = "pytz-2022.2.1.tar.gz", hash = "sha256:cea221417204f2d1a2aa03ddae3e867921971d0d76f14d87abb4414415bbdcf5"},
]
sqlparse = [
    {file = "sqlparse-0.4.3-py3-none-any.whl", hash = "sha256:0323c0ec29cd52bceabc1b4d9d579e311f3e4961b98d174201d5622a23b85e34"},
    {file = "sqlparse-0.4.3.tar.gz", hash = "sha256:69ca804846bb114d2ec380e4360a8a340db83f0ccf3afceeb1404df028f57268"},
]
tzdata = [
    {file = "tzdata-2022.4-py2.py3-none-any.whl", hash = "sha256:74da81ecf2b3887c94e53fc1d466d4362aaf8b26fc87cda18f22004544694583"},
    {file = "tzdata-2022.4.tar.gz", hash = "sha256:ada9133fbd561e6ec3d1674d3fba50251636e918aa97bd59d63735bef5a513bb"},
]
uql = []
